
Microsoft Visual Studio Solution File, Format Version 12.00
# Visual Studio Version 17
VisualStudioVersion = 17.4.33403.182
MinimumVisualStudioVersion = 10.0.40219.1
Project("{FAE04EC0-301F-11D3-BF4B-00C04F79EFBC}") = "BigSchool", "BigSchool\BigSchool.csproj", "{5C69225F-2FF9-4782-8E2A-BCA6D43B85A7}"
EndProject
Global
	GlobalSection(SolutionConfigurationPlatforms) = preSolution
		Debug|Any CPU = Debug|Any CPU
		Release|Any CPU = Release|Any CPU
	EndGlobalSection
	GlobalSection(ProjectConfigurationPlatforms) = postSolution
		{5C69225F-2FF9-4782-8E2A-BCA6D43B85A7}.Debug|Any CPU.ActiveCfg = Debug|Any CPU
		{5C69225F-2FF9-4782-8E2A-BCA6D43B85A7}.Debug|Any CPU.Build.0 = Debug|Any CPU
		{5C69225F-2FF9-4782-8E2A-BCA6D43B85A7}.Release|Any CPU.ActiveCfg = Release|Any CPU
		{5C69225F-2FF9-4782-8E2A-BCA6D43B85A7}.Release|Any CPU.Build.0 = Release|Any CPU
	EndGlobalSection
	GlobalSection(SolutionProperties) = preSolution
		HideSolutionNode = FALSE
	EndGlobalSection
	GlobalSection(ExtensibilityGlobals) = postSolution
		SolutionGuid = {69929216-10BA-4B6C-9A53-5C1CDB7D56B7}
	EndGlobalSection
EndGlobal
